// !$*UTF8*$!
{
	archiveVersion = 1;
	classes = {
	};
	objectVersion = 46;
	objects = {

/* Begin PBXBuildFile section */
		26CEADAD3EFE5F28836B8CE2 /* Pods_TaTeTi.framework in Frameworks */ = {isa = PBXBuildFile; fileRef = A19DD6DE3307125B121007FF /* Pods_TaTeTi.framework */; };
		800240E81ED30DC200B2106A /* AppDelegate.swift in Sources */ = {isa = PBXBuildFile; fileRef = 800240E71ED30DC200B2106A /* AppDelegate.swift */; };
		800240EA1ED30DC200B2106A /* ViewController.swift in Sources */ = {isa = PBXBuildFile; fileRef = 800240E91ED30DC200B2106A /* ViewController.swift */; };
		800240ED1ED30DC200B2106A /* Main.storyboard in Resources */ = {isa = PBXBuildFile; fileRef = 800240EB1ED30DC200B2106A /* Main.storyboard */; };
		800240F21ED30DC200B2106A /* LaunchScreen.storyboard in Resources */ = {isa = PBXBuildFile; fileRef = 800240F01ED30DC200B2106A /* LaunchScreen.storyboard */; };
		80BFC8461EDC485C00EE4532 /* HomeViewController.swift in Sources */ = {isa = PBXBuildFile; fileRef = 80BFC8451EDC485C00EE4532 /* HomeViewController.swift */; };
		80BFC8481EDC49E300EE4532 /* Assets.xcassets in Resources */ = {isa = PBXBuildFile; fileRef = 80BFC8471EDC49E300EE4532 /* Assets.xcassets */; };
		80CDD29F1EDB6BC000612639 /* Enums.swift in Sources */ = {isa = PBXBuildFile; fileRef = 80CDD29E1EDB6BC000612639 /* Enums.swift */; };
		80CDD2A31EDB828400612639 /* Model.xcdatamodeld in Sources */ = {isa = PBXBuildFile; fileRef = 80CDD2A11EDB828400612639 /* Model.xcdatamodeld */; };
		80CDD2B11EDB9E8D00612639 /* Player.swift in Sources */ = {isa = PBXBuildFile; fileRef = 80CDD2B01EDB9E8D00612639 /* Player.swift */; };
		80CEEC071EDE2EA700E03723 /* PlayerLocalDataManager.swift in Sources */ = {isa = PBXBuildFile; fileRef = 80CEEC061EDE2EA700E03723 /* PlayerLocalDataManager.swift */; };
		80CEEC0B1EDE40B500E03723 /* CoreDataPersistent.swift in Sources */ = {isa = PBXBuildFile; fileRef = 80CEEC0A1EDE40B500E03723 /* CoreDataPersistent.swift */; };
		80CEEC0E1EDE44A900E03723 /* Player+CoreData.swift in Sources */ = {isa = PBXBuildFile; fileRef = 80CEEC0D1EDE44A900E03723 /* Player+CoreData.swift */; };
		80CEEC101EDE612C00E03723 /* Game.swift in Sources */ = {isa = PBXBuildFile; fileRef = 80CEEC0F1EDE612C00E03723 /* Game.swift */; };
		80CEEC121EDE617900E03723 /* Game+CoreData.swift in Sources */ = {isa = PBXBuildFile; fileRef = 80CEEC111EDE617900E03723 /* Game+CoreData.swift */; };
/* End PBXBuildFile section */

/* Begin PBXFileReference section */
		5439CC434BA28985433477FA /* Pods-TaTeTi.release.xcconfig */ = {isa = PBXFileReference; includeInIndex = 1; lastKnownFileType = text.xcconfig; name = "Pods-TaTeTi.release.xcconfig"; path = "Pods/Target Support Files/Pods-TaTeTi/Pods-TaTeTi.release.xcconfig"; sourceTree = "<group>"; };
		66136D10440371C1F7C9DAFC /* Pods-TaTeTi.debug.xcconfig */ = {isa = PBXFileReference; includeInIndex = 1; lastKnownFileType = text.xcconfig; name = "Pods-TaTeTi.debug.xcconfig"; path = "Pods/Target Support Files/Pods-TaTeTi/Pods-TaTeTi.debug.xcconfig"; sourceTree = "<group>"; };
		800240E41ED30DC200B2106A /* MuTicTacToe.app */ = {isa = PBXFileReference; explicitFileType = wrapper.application; includeInIndex = 0; path = MuTicTacToe.app; sourceTree = BUILT_PRODUCTS_DIR; };
		800240E71ED30DC200B2106A /* AppDelegate.swift */ = {isa = PBXFileReference; lastKnownFileType = sourcecode.swift; path = AppDelegate.swift; sourceTree = "<group>"; };
		800240E91ED30DC200B2106A /* ViewController.swift */ = {isa = PBXFileReference; lastKnownFileType = sourcecode.swift; path = ViewController.swift; sourceTree = "<group>"; };
		800240EC1ED30DC200B2106A /* Base */ = {isa = PBXFileReference; lastKnownFileType = file.storyboard; name = Base; path = Base.lproj/Main.storyboard; sourceTree = "<group>"; };
		800240F11ED30DC200B2106A /* Base */ = {isa = PBXFileReference; lastKnownFileType = file.storyboard; name = Base; path = Base.lproj/LaunchScreen.storyboard; sourceTree = "<group>"; };
		800240F31ED30DC200B2106A /* Info.plist */ = {isa = PBXFileReference; lastKnownFileType = text.plist.xml; path = Info.plist; sourceTree = "<group>"; };
		80BFC8451EDC485C00EE4532 /* HomeViewController.swift */ = {isa = PBXFileReference; fileEncoding = 4; lastKnownFileType = sourcecode.swift; path = HomeViewController.swift; sourceTree = "<group>"; };
		80BFC8471EDC49E300EE4532 /* Assets.xcassets */ = {isa = PBXFileReference; lastKnownFileType = folder.assetcatalog; path = Assets.xcassets; sourceTree = "<group>"; };
		80CDD29E1EDB6BC000612639 /* Enums.swift */ = {isa = PBXFileReference; fileEncoding = 4; lastKnownFileType = sourcecode.swift; path = Enums.swift; sourceTree = "<group>"; };
		80CDD2A21EDB828400612639 /* Model.xcdatamodel */ = {isa = PBXFileReference; lastKnownFileType = wrapper.xcdatamodel; path = Model.xcdatamodel; sourceTree = "<group>"; };
		80CDD2B01EDB9E8D00612639 /* Player.swift */ = {isa = PBXFileReference; fileEncoding = 4; lastKnownFileType = sourcecode.swift; path = Player.swift; sourceTree = "<group>"; };
		80CEEC061EDE2EA700E03723 /* PlayerLocalDataManager.swift */ = {isa = PBXFileReference; fileEncoding = 4; lastKnownFileType = sourcecode.swift; path = PlayerLocalDataManager.swift; sourceTree = "<group>"; };
		80CEEC0A1EDE40B500E03723 /* CoreDataPersistent.swift */ = {isa = PBXFileReference; fileEncoding = 4; lastKnownFileType = sourcecode.swift; path = CoreDataPersistent.swift; sourceTree = "<group>"; };
		80CEEC0D1EDE44A900E03723 /* Player+CoreData.swift */ = {isa = PBXFileReference; fileEncoding = 4; lastKnownFileType = sourcecode.swift; path = "Player+CoreData.swift"; sourceTree = "<group>"; };
		80CEEC0F1EDE612C00E03723 /* Game.swift */ = {isa = PBXFileReference; fileEncoding = 4; lastKnownFileType = sourcecode.swift; path = Game.swift; sourceTree = "<group>"; };
		80CEEC111EDE617900E03723 /* Game+CoreData.swift */ = {isa = PBXFileReference; fileEncoding = 4; lastKnownFileType = sourcecode.swift; path = "Game+CoreData.swift"; sourceTree = "<group>"; };
		A19DD6DE3307125B121007FF /* Pods_TaTeTi.framework */ = {isa = PBXFileReference; explicitFileType = wrapper.framework; includeInIndex = 0; path = Pods_TaTeTi.framework; sourceTree = BUILT_PRODUCTS_DIR; };
/* End PBXFileReference section */

/* Begin PBXFrameworksBuildPhase section */
		800240E11ED30DC200B2106A /* Frameworks */ = {
			isa = PBXFrameworksBuildPhase;
			buildActionMask = 2147483647;
			files = (
				26CEADAD3EFE5F28836B8CE2 /* Pods_TaTeTi.framework in Frameworks */,
			);
			runOnlyForDeploymentPostprocessing = 0;
		};
/* End PBXFrameworksBuildPhase section */

/* Begin PBXGroup section */
		800240DB1ED30DC200B2106A = {
			isa = PBXGroup;
			children = (
				800240E61ED30DC200B2106A /* TaTeTi */,
				800240E51ED30DC200B2106A /* Products */,
				8ECBA1466CBE7F97FEC31631 /* Pods */,
				B3BB7A88F9B6A913975B15CF /* Frameworks */,
			);
			sourceTree = "<group>";
		};
		800240E51ED30DC200B2106A /* Products */ = {
			isa = PBXGroup;
			children = (
				800240E41ED30DC200B2106A /* MuTicTacToe.app */,
			);
			name = Products;
			sourceTree = "<group>";
		};
		800240E61ED30DC200B2106A /* TaTeTi */ = {
			isa = PBXGroup;
			children = (
				80CEEC0C1EDE43AA00E03723 /* Data Manager */,
				80CDD2B21EDB9EC200612639 /* Models */,
				80CDD29D1EDB6B9600612639 /* Utils */,
				80CDD2A01EDB6C0000612639 /* Commons */,
				800240E91ED30DC200B2106A /* ViewController.swift */,
				800240EB1ED30DC200B2106A /* Main.storyboard */,
				80BFC8451EDC485C00EE4532 /* HomeViewController.swift */,
			);
			path = TaTeTi;
			sourceTree = "<group>";
		};
		80CDD29D1EDB6B9600612639 /* Utils */ = {
			isa = PBXGroup;
			children = (
				80CDD29E1EDB6BC000612639 /* Enums.swift */,
			);
			name = Utils;
			sourceTree = "<group>";
		};
		80CDD2A01EDB6C0000612639 /* Commons */ = {
			isa = PBXGroup;
			children = (
				80BFC8471EDC49E300EE4532 /* Assets.xcassets */,
				800240E71ED30DC200B2106A /* AppDelegate.swift */,
				800240F01ED30DC200B2106A /* LaunchScreen.storyboard */,
				800240F31ED30DC200B2106A /* Info.plist */,
			);
			name = Commons;
			sourceTree = "<group>";
		};
		80CDD2B21EDB9EC200612639 /* Models */ = {
			isa = PBXGroup;
			children = (
				80CDD2B01EDB9E8D00612639 /* Player.swift */,
				80CEEC0D1EDE44A900E03723 /* Player+CoreData.swift */,
				80CEEC0F1EDE612C00E03723 /* Game.swift */,
				80CEEC111EDE617900E03723 /* Game+CoreData.swift */,
			);
			name = Models;
			sourceTree = "<group>";
		};
		80CEEC0C1EDE43AA00E03723 /* Data Manager */ = {
			isa = PBXGroup;
			children = (
				80CDD2A11EDB828400612639 /* Model.xcdatamodeld */,
				80CEEC061EDE2EA700E03723 /* PlayerLocalDataManager.swift */,
				80CEEC0A1EDE40B500E03723 /* CoreDataPersistent.swift */,
			);
			name = "Data Manager";
			sourceTree = "<group>";
		};
		8ECBA1466CBE7F97FEC31631 /* Pods */ = {
			isa = PBXGroup;
			children = (
				66136D10440371C1F7C9DAFC /* Pods-TaTeTi.debug.xcconfig */,
				5439CC434BA28985433477FA /* Pods-TaTeTi.release.xcconfig */,
			);
			name = Pods;
			sourceTree = "<group>";
		};
		B3BB7A88F9B6A913975B15CF /* Frameworks */ = {
			isa = PBXGroup;
			children = (
				A19DD6DE3307125B121007FF /* Pods_TaTeTi.framework */,
			);
			name = Frameworks;
			sourceTree = "<group>";
		};
/* End PBXGroup section */

/* Begin PBXNativeTarget section */
		800240E31ED30DC200B2106A /* MuTicTacToe */ = {
			isa = PBXNativeTarget;
			buildConfigurationList = 800240F61ED30DC200B2106A /* Build configuration list for PBXNativeTarget "MuTicTacToe" */;
			buildPhases = (
				EF4C5620310AF4D27017064D /* [CP] Check Pods Manifest.lock */,
				800240E01ED30DC200B2106A /* Sources */,
				800240E11ED30DC200B2106A /* Frameworks */,
				800240E21ED30DC200B2106A /* Resources */,
				8EF685C5C5F7D28E897C5E8B /* [CP] Embed Pods Frameworks */,
				E9693687C2119E7E8E9FD937 /* [CP] Copy Pods Resources */,
			);
			buildRules = (
			);
			dependencies = (
			);
			name = MuTicTacToe;
			productName = TaTeTi;
			productReference = 800240E41ED30DC200B2106A /* MuTicTacToe.app */;
			productType = "com.apple.product-type.application";
		};
/* End PBXNativeTarget section */

/* Begin PBXProject section */
		800240DC1ED30DC200B2106A /* Project object */ = {
			isa = PBXProject;
			attributes = {
				LastSwiftUpdateCheck = 0830;
				LastUpgradeCheck = 0830;
				ORGANIZATIONNAME = workshop;
				TargetAttributes = {
					800240E31ED30DC200B2106A = {
						CreatedOnToolsVersion = 8.3.2;
						DevelopmentTeam = ZYXCB6QKKT;
						ProvisioningStyle = Automatic;
					};
				};
			};
			buildConfigurationList = 800240DF1ED30DC200B2106A /* Build configuration list for PBXProject "TaTeTi" */;
			compatibilityVersion = "Xcode 3.2";
			developmentRegion = English;
			hasScannedForEncodings = 0;
			knownRegions = (
				en,
				Base,
			);
			mainGroup = 800240DB1ED30DC200B2106A;
			productRefGroup = 800240E51ED30DC200B2106A /* Products */;
			projectDirPath = "";
			projectRoot = "";
			targets = (
				800240E31ED30DC200B2106A /* MuTicTacToe */,
			);
		};
/* End PBXProject section */

/* Begin PBXResourcesBuildPhase section */
		800240E21ED30DC200B2106A /* Resources */ = {
			isa = PBXResourcesBuildPhase;
			buildActionMask = 2147483647;
			files = (
				800240F21ED30DC200B2106A /* LaunchScreen.storyboard in Resources */,
				80BFC8481EDC49E300EE4532 /* Assets.xcassets in Resources */,
				800240ED1ED30DC200B2106A /* Main.storyboard in Resources */,
			);
			runOnlyForDeploymentPostprocessing = 0;
		};
/* End PBXResourcesBuildPhase section */

/* Begin PBXShellScriptBuildPhase section */
		8EF685C5C5F7D28E897C5E8B /* [CP] Embed Pods Frameworks */ = {
			isa = PBXShellScriptBuildPhase;
			buildActionMask = 2147483647;
			files = (
			);
			inputPaths = (
			);
			name = "[CP] Embed Pods Frameworks";
			outputPaths = (
			);
			runOnlyForDeploymentPostprocessing = 0;
			shellPath = /bin/sh;
			shellScript = "\"${SRCROOT}/Pods/Target Support Files/Pods-TaTeTi/Pods-TaTeTi-frameworks.sh\"\n";
			showEnvVarsInLog = 0;
		};
		E9693687C2119E7E8E9FD937 /* [CP] Copy Pods Resources */ = {
			isa = PBXShellScriptBuildPhase;
			buildActionMask = 2147483647;
			files = (
			);
			inputPaths = (
			);
			name = "[CP] Copy Pods Resources";
			outputPaths = (
			);
			runOnlyForDeploymentPostprocessing = 0;
			shellPath = /bin/sh;
			shellScript = "\"${SRCROOT}/Pods/Target Support Files/Pods-TaTeTi/Pods-TaTeTi-resources.sh\"\n";
			showEnvVarsInLog = 0;
		};
		EF4C5620310AF4D27017064D /* [CP] Check Pods Manifest.lock */ = {
			isa = PBXShellScriptBuildPhase;
			buildActionMask = 2147483647;
			files = (
			);
			inputPaths = (
			);
			name = "[CP] Check Pods Manifest.lock";
			outputPaths = (
			);
			runOnlyForDeploymentPostprocessing = 0;
			shellPath = /bin/sh;
			shellScript = "diff \"${PODS_PODFILE_DIR_PATH}/Podfile.lock\" \"${PODS_ROOT}/Manifest.lock\" > /dev/null\nif [ $? != 0 ] ; then\n    # print error to STDERR\n    echo \"error: The sandbox is not in sync with the Podfile.lock. Run 'pod install' or update your CocoaPods installation.\" >&2\n    exit 1\nfi\n";
			showEnvVarsInLog = 0;
		};
/* End PBXShellScriptBuildPhase section */

/* Begin PBXSourcesBuildPhase section */
		800240E01ED30DC200B2106A /* Sources */ = {
			isa = PBXSourcesBuildPhase;
			buildActionMask = 2147483647;
			files = (
				800240EA1ED30DC200B2106A /* ViewController.swift in Sources */,
				80CEEC101EDE612C00E03723 /* Game.swift in Sources */,
				80CDD29F1EDB6BC000612639 /* Enums.swift in Sources */,
				800240E81ED30DC200B2106A /* AppDelegate.swift in Sources */,
				80CDD2B11EDB9E8D00612639 /* Player.swift in Sources */,
				80CEEC121EDE617900E03723 /* Game+CoreData.swift in Sources */,
				80CDD2A31EDB828400612639 /* Model.xcdatamodeld in Sources */,
				80CEEC0B1EDE40B500E03723 /* CoreDataPersistent.swift in Sources */,
				80BFC8461EDC485C00EE4532 /* HomeViewController.swift in Sources */,
				80CEEC071EDE2EA700E03723 /* PlayerLocalDataManager.swift in Sources */,
				80CEEC0E1EDE44A900E03723 /* Player+CoreData.swift in Sources */,
			);
			runOnlyForDeploymentPostprocessing = 0;
		};
/* End PBXSourcesBuildPhase section */

/* Begin PBXVariantGroup section */
		800240EB1ED30DC200B2106A /* Main.storyboard */ = {
			isa = PBXVariantGroup;
			children = (
				800240EC1ED30DC200B2106A /* Base */,
			);
			name = Main.storyboard;
			sourceTree = "<group>";
		};
		800240F01ED30DC200B2106A /* LaunchScreen.storyboard */ = {
			isa = PBXVariantGroup;
			children = (
				800240F11ED30DC200B2106A /* Base */,
			);
			name = LaunchScreen.storyboard;
			sourceTree = "<group>";
		};
/* End PBXVariantGroup section */

/* Begin XCBuildConfiguration section */
		800240F41ED30DC200B2106A /* Debug */ = {
			isa = XCBuildConfiguration;
			buildSettings = {
				ALWAYS_SEARCH_USER_PATHS = NO;
				CLANG_ANALYZER_NONNULL = YES;
				CLANG_ANALYZER_NUMBER_OBJECT_CONVERSION = YES_AGGRESSIVE;
				CLANG_CXX_LANGUAGE_STANDARD = "gnu++0x";
				CLANG_CXX_LIBRARY = "libc++";
				CLANG_ENABLE_MODULES = YES;
				CLANG_ENABLE_OBJC_ARC = YES;
				CLANG_WARN_BOOL_CONVERSION = YES;
				CLANG_WARN_CONSTANT_CONVERSION = YES;
				CLANG_WARN_DIRECT_OBJC_ISA_USAGE = YES_ERROR;
				CLANG_WARN_DOCUMENTATION_COMMENTS = YES;
				CLANG_WARN_EMPTY_BODY = YES;
				CLANG_WARN_ENUM_CONVERSION = YES;
				CLANG_WARN_INFINITE_RECURSION = YES;
				CLANG_WARN_INT_CONVERSION = YES;
				CLANG_WARN_OBJC_ROOT_CLASS = YES_ERROR;
				CLANG_WARN_SUSPICIOUS_MOVE = YES;
				CLANG_WARN_UNREACHABLE_CODE = YES;
				CLANG_WARN__DUPLICATE_METHOD_MATCH = YES;
				"CODE_SIGN_IDENTITY[sdk=iphoneos*]" = "iPhone Developer";
				COPY_PHASE_STRIP = NO;
				DEBUG_INFORMATION_FORMAT = dwarf;
				ENABLE_STRICT_OBJC_MSGSEND = YES;
				ENABLE_TESTABILITY = YES;
				GCC_C_LANGUAGE_STANDARD = gnu99;
				GCC_DYNAMIC_NO_PIC = NO;
				GCC_NO_COMMON_BLOCKS = YES;
				GCC_OPTIMIZATION_LEVEL = 0;
				GCC_PREPROCESSOR_DEFINITIONS = (
					"DEBUG=1",
					"$(inherited)",
				);
				GCC_WARN_64_TO_32_BIT_CONVERSION = YES;
				GCC_WARN_ABOUT_RETURN_TYPE = YES_ERROR;
				GCC_WARN_UNDECLARED_SELECTOR = YES;
				GCC_WARN_UNINITIALIZED_AUTOS = YES_AGGRESSIVE;
				GCC_WARN_UNUSED_FUNCTION = YES;
				GCC_WARN_UNUSED_VARIABLE = YES;
				IPHONEOS_DEPLOYMENT_TARGET = 10.3;
				MTL_ENABLE_DEBUG_INFO = YES;
				ONLY_ACTIVE_ARCH = YES;
				SDKROOT = iphoneos;
				SWIFT_ACTIVE_COMPILATION_CONDITIONS = DEBUG;
				SWIFT_OPTIMIZATION_LEVEL = "-Onone";
			};
			name = Debug;
		};
		800240F51ED30DC200B2106A /* Release */ = {
			isa = XCBuildConfiguration;
			buildSettings = {
				ALWAYS_SEARCH_USER_PATHS = NO;
				CLANG_ANALYZER_NONNULL = YES;
				CLANG_ANALYZER_NUMBER_OBJECT_CONVERSION = YES_AGGRESSIVE;
				CLANG_CXX_LANGUAGE_STANDARD = "gnu++0x";
				CLANG_CXX_LIBRARY = "libc++";
				CLANG_ENABLE_MODULES = YES;
				CLANG_ENABLE_OBJC_ARC = YES;
				CLANG_WARN_BOOL_CONVERSION = YES;
				CLANG_WARN_CONSTANT_CONVERSION = YES;
				CLANG_WARN_DIRECT_OBJC_ISA_USAGE = YES_ERROR;
				CLANG_WARN_DOCUMENTATION_COMMENTS = YES;
				CLANG_WARN_EMPTY_BODY = YES;
				CLANG_WARN_ENUM_CONVERSION = YES;
				CLANG_WARN_INFINITE_RECURSION = YES;
				CLANG_WARN_INT_CONVERSION = YES;
				CLANG_WARN_OBJC_ROOT_CLASS = YES_ERROR;
				CLANG_WARN_SUSPICIOUS_MOVE = YES;
				CLANG_WARN_UNREACHABLE_CODE = YES;
				CLANG_WARN__DUPLICATE_METHOD_MATCH = YES;
				"CODE_SIGN_IDENTITY[sdk=iphoneos*]" = "iPhone Developer";
				COPY_PHASE_STRIP = NO;
				DEBUG_INFORMATION_FORMAT = "dwarf-with-dsym";
				ENABLE_NS_ASSERTIONS = NO;
				ENABLE_STRICT_OBJC_MSGSEND = YES;
				GCC_C_LANGUAGE_STANDARD = gnu99;
				GCC_NO_COMMON_BLOCKS = YES;
				GCC_WARN_64_TO_32_BIT_CONVERSION = YES;
				GCC_WARN_ABOUT_RETURN_TYPE = YES_ERROR;
				GCC_WARN_UNDECLARED_SELECTOR = YES;
				GCC_WARN_UNINITIALIZED_AUTOS = YES_AGGRESSIVE;
				GCC_WARN_UNUSED_FUNCTION = YES;
				GCC_WARN_UNUSED_VARIABLE = YES;
				IPHONEOS_DEPLOYMENT_TARGET = 10.3;
				MTL_ENABLE_DEBUG_INFO = NO;
				SDKROOT = iphoneos;
				SWIFT_OPTIMIZATION_LEVEL = "-Owholemodule";
				VALIDATE_PRODUCT = YES;
			};
			name = Release;
		};
		800240F71ED30DC200B2106A /* Debug */ = {
			isa = XCBuildConfiguration;
			baseConfigurationReference = 66136D10440371C1F7C9DAFC /* Pods-TaTeTi.debug.xcconfig */;
			buildSettings = {
				ASSETCATALOG_COMPILER_APPICON_NAME = AppIcon;
				DEVELOPMENT_TEAM = ZYXCB6QKKT;
				INFOPLIST_FILE = TaTeTi/Info.plist;
				LD_RUNPATH_SEARCH_PATHS = "$(inherited) @executable_path/Frameworks";
				PRODUCT_BUNDLE_IDENTIFIER = com.workshop.jeasmine.ios.TaTeTi;
				PRODUCT_NAME = "$(TARGET_NAME)";
				SWIFT_VERSION = 3.0;
			};
			name = Debug;
		};
		800240F81ED30DC200B2106A /* Release */ = {
			isa = XCBuildConfiguration;
			baseConfigurationReference = 5439CC434BA28985433477FA /* Pods-TaTeTi.release.xcconfig */;
			buildSettings = {
				ASSETCATALOG_COMPILER_APPICON_NAME = AppIcon;
				DEVELOPMENT_TEAM = ZYXCB6QKKT;
				INFOPLIST_FILE = TaTeTi/Info.plist;
				LD_RUNPATH_SEARCH_PATHS = "$(inherited) @executable_path/Frameworks";
				PRODUCT_BUNDLE_IDENTIFIER = com.workshop.jeasmine.ios.TaTeTi;
				PRODUCT_NAME = "$(TARGET_NAME)";
				SWIFT_VERSION = 3.0;
			};
			name = Release;
		};
/* End XCBuildConfiguration section */

/* Begin XCConfigurationList section */
		800240DF1ED30DC200B2106A /* Build configuration list for PBXProject "TaTeTi" */ = {
			isa = XCConfigurationList;
			buildConfigurations = (
				800240F41ED30DC200B2106A /* Debug */,
				800240F51ED30DC200B2106A /* Release */,
			);
			defaultConfigurationIsVisible = 0;
			defaultConfigurationName = Release;
		};
		800240F61ED30DC200B2106A /* Build configuration list for PBXNativeTarget "MuTicTacToe" */ = {
			isa = XCConfigurationList;
			buildConfigurations = (
				800240F71ED30DC200B2106A /* Debug */,
				800240F81ED30DC200B2106A /* Release */,
			);
			defaultConfigurationIsVisible = 0;
			defaultConfigurationName = Release;
		};
/* End XCConfigurationList section */

/* Begin XCVersionGroup section */
		80CDD2A11EDB828400612639 /* Model.xcdatamodeld */ = {
			isa = XCVersionGroup;
			children = (
				80CDD2A21EDB828400612639 /* Model.xcdatamodel */,
			);
			currentVersion = 80CDD2A21EDB828400612639 /* Model.xcdatamodel */;
			path = Model.xcdatamodeld;
			sourceTree = "<group>";
			versionGroupType = wrapper.xcdatamodel;
		};
/* End XCVersionGroup section */
	};
	rootObject = 800240DC1ED30DC200B2106A /* Project object */;
}
